// !$*UTF8*$!
{
	archiveVersion = 1;
	classes = {
	};
	objectVersion = 46;
	objects = {

/* Begin PBXBuildFile section */
		086A4D823D015DC8A43A892B /* libPods-sd_webpDemo.a in Frameworks */ = {isa = PBXBuildFile; fileRef = C55D9580DDD76688BE9AE613 /* libPods-sd_webpDemo.a */; };
		2ACABD651DEFD54000C173CC /* main.m in Sources */ = {isa = PBXBuildFile; fileRef = 2ACABD641DEFD54000C173CC /* main.m */; };
		2ACABD681DEFD54000C173CC /* AppDelegate.m in Sources */ = {isa = PBXBuildFile; fileRef = 2ACABD671DEFD54000C173CC /* AppDelegate.m */; };
		2ACABD6B1DEFD54000C173CC /* ViewController.m in Sources */ = {isa = PBXBuildFile; fileRef = 2ACABD6A1DEFD54000C173CC /* ViewController.m */; };
		2ACABD6E1DEFD54000C173CC /* Main.storyboard in Resources */ = {isa = PBXBuildFile; fileRef = 2ACABD6C1DEFD54000C173CC /* Main.storyboard */; };
		2ACABD701DEFD54000C173CC /* Assets.xcassets in Resources */ = {isa = PBXBuildFile; fileRef = 2ACABD6F1DEFD54000C173CC /* Assets.xcassets */; };
		2ACABD731DEFD54000C173CC /* LaunchScreen.storyboard in Resources */ = {isa = PBXBuildFile; fileRef = 2ACABD711DEFD54000C173CC /* LaunchScreen.storyboard */; };
		2ACABD7C1DEFD9FC00C173CC /* DMCustomURLSessionProtocol.m in Sources */ = {isa = PBXBuildFile; fileRef = 2ACABD7B1DEFD9FC00C173CC /* DMCustomURLSessionProtocol.m */; };
/* End PBXBuildFile section */

/* Begin PBXFileReference section */
		2ACABD601DEFD54000C173CC /* sd_webpDemo.app */ = {isa = PBXFileReference; explicitFileType = wrapper.application; includeInIndex = 0; path = sd_webpDemo.app; sourceTree = BUILT_PRODUCTS_DIR; };
		2ACABD641DEFD54000C173CC /* main.m */ = {isa = PBXFileReference; lastKnownFileType = sourcecode.c.objc; path = main.m; sourceTree = "<group>"; };
		2ACABD661DEFD54000C173CC /* AppDelegate.h */ = {isa = PBXFileReference; lastKnownFileType = sourcecode.c.h; path = AppDelegate.h; sourceTree = "<group>"; };
		2ACABD671DEFD54000C173CC /* AppDelegate.m */ = {isa = PBXFileReference; lastKnownFileType = sourcecode.c.objc; path = AppDelegate.m; sourceTree = "<group>"; };
		2ACABD691DEFD54000C173CC /* ViewController.h */ = {isa = PBXFileReference; lastKnownFileType = sourcecode.c.h; path = ViewController.h; sourceTree = "<group>"; };
		2ACABD6A1DEFD54000C173CC /* ViewController.m */ = {isa = PBXFileReference; lastKnownFileType = sourcecode.c.objc; path = ViewController.m; sourceTree = "<group>"; };
		2ACABD6D1DEFD54000C173CC /* Base */ = {isa = PBXFileReference; lastKnownFileType = file.storyboard; name = Base; path = Base.lproj/Main.storyboard; sourceTree = "<group>"; };
		2ACABD6F1DEFD54000C173CC /* Assets.xcassets */ = {isa = PBXFileReference; lastKnownFileType = folder.assetcatalog; path = Assets.xcassets; sourceTree = "<group>"; };
		2ACABD721DEFD54000C173CC /* Base */ = {isa = PBXFileReference; lastKnownFileType = file.storyboard; name = Base; path = Base.lproj/LaunchScreen.storyboard; sourceTree = "<group>"; };
		2ACABD741DEFD54000C173CC /* Info.plist */ = {isa = PBXFileReference; lastKnownFileType = text.plist.xml; path = Info.plist; sourceTree = "<group>"; };
		2ACABD7A1DEFD9FC00C173CC /* DMCustomURLSessionProtocol.h */ = {isa = PBXFileReference; fileEncoding = 4; lastKnownFileType = sourcecode.c.h; path = DMCustomURLSessionProtocol.h; sourceTree = "<group>"; };
		2ACABD7B1DEFD9FC00C173CC /* DMCustomURLSessionProtocol.m */ = {isa = PBXFileReference; fileEncoding = 4; lastKnownFileType = sourcecode.c.objc; path = DMCustomURLSessionProtocol.m; sourceTree = "<group>"; };
		75AA9445EC0433A0675D3687 /* Pods-sd_webpDemo.debug.xcconfig */ = {isa = PBXFileReference; includeInIndex = 1; lastKnownFileType = text.xcconfig; name = "Pods-sd_webpDemo.debug.xcconfig"; path = "Pods/Target Support Files/Pods-sd_webpDemo/Pods-sd_webpDemo.debug.xcconfig"; sourceTree = "<group>"; };
		C55D9580DDD76688BE9AE613 /* libPods-sd_webpDemo.a */ = {isa = PBXFileReference; explicitFileType = archive.ar; includeInIndex = 0; path = "libPods-sd_webpDemo.a"; sourceTree = BUILT_PRODUCTS_DIR; };
		C737312910A7AA523A42E6D0 /* Pods-sd_webpDemo.release.xcconfig */ = {isa = PBXFileReference; includeInIndex = 1; lastKnownFileType = text.xcconfig; name = "Pods-sd_webpDemo.release.xcconfig"; path = "Pods/Target Support Files/Pods-sd_webpDemo/Pods-sd_webpDemo.release.xcconfig"; sourceTree = "<group>"; };
/* End PBXFileReference section */

/* Begin PBXFrameworksBuildPhase section */
		2ACABD5D1DEFD54000C173CC /* Frameworks */ = {
			isa = PBXFrameworksBuildPhase;
			buildActionMask = 2147483647;
			files = (
				086A4D823D015DC8A43A892B /* libPods-sd_webpDemo.a in Frameworks */,
			);
			runOnlyForDeploymentPostprocessing = 0;
		};
/* End PBXFrameworksBuildPhase section */

/* Begin PBXGroup section */
		0665C180CCCDD00E7D4EEFE0 /* Pods */ = {
			isa = PBXGroup;
			children = (
				75AA9445EC0433A0675D3687 /* Pods-sd_webpDemo.debug.xcconfig */,
				C737312910A7AA523A42E6D0 /* Pods-sd_webpDemo.release.xcconfig */,
			);
			name = Pods;
			sourceTree = "<group>";
		};
		2ACABD571DEFD54000C173CC = {
			isa = PBXGroup;
			children = (
				2ACABD621DEFD54000C173CC /* sd_webpDemo */,
				2ACABD611DEFD54000C173CC /* Products */,
				0665C180CCCDD00E7D4EEFE0 /* Pods */,
				AFDBB83365875DADADC68E8D /* Frameworks */,
			);
			sourceTree = "<group>";
		};
		2ACABD611DEFD54000C173CC /* Products */ = {
			isa = PBXGroup;
			children = (
				2ACABD601DEFD54000C173CC /* sd_webpDemo.app */,
			);
			name = Products;
			sourceTree = "<group>";
		};
		2ACABD621DEFD54000C173CC /* sd_webpDemo */ = {
			isa = PBXGroup;
			children = (
				2ACABD7A1DEFD9FC00C173CC /* DMCustomURLSessionProtocol.h */,
				2ACABD7B1DEFD9FC00C173CC /* DMCustomURLSessionProtocol.m */,
				2ACABD661DEFD54000C173CC /* AppDelegate.h */,
				2ACABD671DEFD54000C173CC /* AppDelegate.m */,
				2ACABD691DEFD54000C173CC /* ViewController.h */,
				2ACABD6A1DEFD54000C173CC /* ViewController.m */,
				2ACABD6C1DEFD54000C173CC /* Main.storyboard */,
				2ACABD6F1DEFD54000C173CC /* Assets.xcassets */,
				2ACABD711DEFD54000C173CC /* LaunchScreen.storyboard */,
				2ACABD741DEFD54000C173CC /* Info.plist */,
				2ACABD631DEFD54000C173CC /* Supporting Files */,
			);
			path = sd_webpDemo;
			sourceTree = "<group>";
		};
		2ACABD631DEFD54000C173CC /* Supporting Files */ = {
			isa = PBXGroup;
			children = (
				2ACABD641DEFD54000C173CC /* main.m */,
			);
			name = "Supporting Files";
			sourceTree = "<group>";
		};
		AFDBB83365875DADADC68E8D /* Frameworks */ = {
			isa = PBXGroup;
			children = (
				C55D9580DDD76688BE9AE613 /* libPods-sd_webpDemo.a */,
			);
			name = Frameworks;
			sourceTree = "<group>";
		};
/* End PBXGroup section */

/* Begin PBXNativeTarget section */
		2ACABD5F1DEFD54000C173CC /* sd_webpDemo */ = {
			isa = PBXNativeTarget;
			buildConfigurationList = 2ACABD771DEFD54000C173CC /* Build configuration list for PBXNativeTarget "sd_webpDemo" */;
			buildPhases = (
				890779E8CCB0B1969BB5B6EB /* [CP] Check Pods Manifest.lock */,
				2ACABD5C1DEFD54000C173CC /* Sources */,
				2ACABD5D1DEFD54000C173CC /* Frameworks */,
				2ACABD5E1DEFD54000C173CC /* Resources */,
				7CB17579D9E31735DECE2B25 /* [CP] Embed Pods Frameworks */,
				702A1F98C602C68BD79EFE8C /* [CP] Copy Pods Resources */,
			);
			buildRules = (
			);
			dependencies = (
			);
			name = sd_webpDemo;
			productName = sd_webpDemo;
			productReference = 2ACABD601DEFD54000C173CC /* sd_webpDemo.app */;
			productType = "com.apple.product-type.application";
		};
/* End PBXNativeTarget section */

/* Begin PBXProject section */
		2ACABD581DEFD54000C173CC /* Project object */ = {
			isa = PBXProject;
			attributes = {
				LastUpgradeCheck = 0810;
				ORGANIZATIONNAME = "Shawn Du";
				TargetAttributes = {
					2ACABD5F1DEFD54000C173CC = {
						CreatedOnToolsVersion = 8.1;
						DevelopmentTeam = A9VAJDN54X;
						ProvisioningStyle = Automatic;
					};
				};
			};
			buildConfigurationList = 2ACABD5B1DEFD54000C173CC /* Build configuration list for PBXProject "sd_webpDemo" */;
			compatibilityVersion = "Xcode 3.2";
			developmentRegion = English;
			hasScannedForEncodings = 0;
			knownRegions = (
				en,
				Base,
			);
			mainGroup = 2ACABD571DEFD54000C173CC;
			productRefGroup = 2ACABD611DEFD54000C173CC /* Products */;
			projectDirPath = "";
			projectRoot = "";
			targets = (
				2ACABD5F1DEFD54000C173CC /* sd_webpDemo */,
			);
		};
/* End PBXProject section */

/* Begin PBXResourcesBuildPhase section */
		2ACABD5E1DEFD54000C173CC /* Resources */ = {
			isa = PBXResourcesBuildPhase;
			buildActionMask = 2147483647;
			files = (
				2ACABD731DEFD54000C173CC /* LaunchScreen.storyboard in Resources */,
				2ACABD701DEFD54000C173CC /* Assets.xcassets in Resources */,
				2ACABD6E1DEFD54000C173CC /* Main.storyboard in Resources */,
			);
			runOnlyForDeploymentPostprocessing = 0;
		};
/* End PBXResourcesBuildPhase section */

/* Begin PBXShellScriptBuildPhase section */
		702A1F98C602C68BD79EFE8C /* [CP] Copy Pods Resources */ = {
			isa = PBXShellScriptBuildPhase;
			buildActionMask = 2147483647;
			files = (
			);
			inputPaths = (
			);
			name = "[CP] Copy Pods Resources";
			outputPaths = (
			);
			runOnlyForDeploymentPostprocessing = 0;
			shellPath = /bin/sh;
			shellScript = "\"${SRCROOT}/Pods/Target Support Files/Pods-sd_webpDemo/Pods-sd_webpDemo-resources.sh\"\n";
			showEnvVarsInLog = 0;
		};
		7CB17579D9E31735DECE2B25 /* [CP] Embed Pods Frameworks */ = {
			isa = PBXShellScriptBuildPhase;
			buildActionMask = 2147483647;
			files = (
			);
			inputPaths = (
			);
			name = "[CP] Embed Pods Frameworks";
			outputPaths = (
			);
			runOnlyForDeploymentPostprocessing = 0;
			shellPath = /bin/sh;
			shellScript = "\"${SRCROOT}/Pods/Target Support Files/Pods-sd_webpDemo/Pods-sd_webpDemo-frameworks.sh\"\n";
			showEnvVarsInLog = 0;
		};
		890779E8CCB0B1969BB5B6EB /* [CP] Check Pods Manifest.lock */ = {
			isa = PBXShellScriptBuildPhase;
			buildActionMask = 2147483647;
			files = (
			);
			inputPaths = (
			);
			name = "[CP] Check Pods Manifest.lock";
			outputPaths = (
			);
			runOnlyForDeploymentPostprocessing = 0;
			shellPath = /bin/sh;
			shellScript = "diff \"${PODS_ROOT}/../Podfile.lock\" \"${PODS_ROOT}/Manifest.lock\" > /dev/null\nif [ $? != 0 ] ; then\n    # print error to STDERR\n    echo \"error: The sandbox is not in sync with the Podfile.lock. Run 'pod install' or update your CocoaPods installation.\" >&2\n    exit 1\nfi\n";
			showEnvVarsInLog = 0;
		};
/* End PBXShellScriptBuildPhase section */

/* Begin PBXSourcesBuildPhase section */
		2ACABD5C1DEFD54000C173CC /* Sources */ = {
			isa = PBXSourcesBuildPhase;
			buildActionMask = 2147483647;
			files = (
				2ACABD7C1DEFD9FC00C173CC /* DMCustomURLSessionProtocol.m in Sources */,
				2ACABD6B1DEFD54000C173CC /* ViewController.m in Sources */,
				2ACABD681DEFD54000C173CC /* AppDelegate.m in Sources */,
				2ACABD651DEFD54000C173CC /* main.m in Sources */,
			);
			runOnlyForDeploymentPostprocessing = 0;
		};
/* End PBXSourcesBuildPhase section */

/* Begin PBXVariantGroup section */
		2ACABD6C1DEFD54000C173CC /* Main.storyboard */ = {
			isa = PBXVariantGroup;
			children = (
				2ACABD6D1DEFD54000C173CC /* Base */,
			);
			name = Main.storyboard;
			sourceTree = "<group>";
		};
		2ACABD711DEFD54000C173CC /* LaunchScreen.storyboard */ = {
			isa = PBXVariantGroup;
			children = (
				2ACABD721DEFD54000C173CC /* Base */,
			);
			name = LaunchScreen.storyboard;
			sourceTree = "<group>";
		};
/* End PBXVariantGroup section */

/* Begin XCBuildConfiguration section */
		2ACABD751DEFD54000C173CC /* Debug */ = {
			isa = XCBuildConfiguration;
			buildSettings = {
				ALWAYS_SEARCH_USER_PATHS = NO;
				CLANG_ANALYZER_NONNULL = YES;
				CLANG_CXX_LANGUAGE_STANDARD = "gnu++0x";
				CLANG_CXX_LIBRARY = "libc++";
				CLANG_ENABLE_MODULES = YES;
				CLANG_ENABLE_OBJC_ARC = YES;
				CLANG_WARN_BOOL_CONVERSION = YES;
				CLANG_WARN_CONSTANT_CONVERSION = YES;
				CLANG_WARN_DIRECT_OBJC_ISA_USAGE = YES_ERROR;
				CLANG_WARN_DOCUMENTATION_COMMENTS = YES;
				CLANG_WARN_EMPTY_BODY = YES;
				CLANG_WARN_ENUM_CONVERSION = YES;
				CLANG_WARN_INFINITE_RECURSION = YES;
				CLANG_WARN_INT_CONVERSION = YES;
				CLANG_WARN_OBJC_ROOT_CLASS = YES_ERROR;
				CLANG_WARN_SUSPICIOUS_MOVES = YES;
				CLANG_WARN_UNREACHABLE_CODE = YES;
				CLANG_WARN__DUPLICATE_METHOD_MATCH = YES;
				"CODE_SIGN_IDENTITY[sdk=iphoneos*]" = "iPhone Developer";
				COPY_PHASE_STRIP = NO;
				DEBUG_INFORMATION_FORMAT = dwarf;
				ENABLE_STRICT_OBJC_MSGSEND = YES;
				ENABLE_TESTABILITY = YES;
				GCC_C_LANGUAGE_STANDARD = gnu99;
				GCC_DYNAMIC_NO_PIC = NO;
				GCC_NO_COMMON_BLOCKS = YES;
				GCC_OPTIMIZATION_LEVEL = 0;
				GCC_PREPROCESSOR_DEFINITIONS = (
					"DEBUG=1",
					"$(inherited)",
				);
				GCC_WARN_64_TO_32_BIT_CONVERSION = YES;
				GCC_WARN_ABOUT_RETURN_TYPE = YES_ERROR;
				GCC_WARN_UNDECLARED_SELECTOR = YES;
				GCC_WARN_UNINITIALIZED_AUTOS = YES_AGGRESSIVE;
				GCC_WARN_UNUSED_FUNCTION = YES;
				GCC_WARN_UNUSED_VARIABLE = YES;
				IPHONEOS_DEPLOYMENT_TARGET = 10.1;
				MTL_ENABLE_DEBUG_INFO = YES;
				ONLY_ACTIVE_ARCH = YES;
				SDKROOT = iphoneos;
			};
			name = Debug;
		};
		2ACABD761DEFD54000C173CC /* Release */ = {
			isa = XCBuildConfiguration;
			buildSettings = {
				ALWAYS_SEARCH_USER_PATHS = NO;
				CLANG_ANALYZER_NONNULL = YES;
				CLANG_CXX_LANGUAGE_STANDARD = "gnu++0x";
				CLANG_CXX_LIBRARY = "libc++";
				CLANG_ENABLE_MODULES = YES;
				CLANG_ENABLE_OBJC_ARC = YES;
				CLANG_WARN_BOOL_CONVERSION = YES;
				CLANG_WARN_CONSTANT_CONVERSION = YES;
				CLANG_WARN_DIRECT_OBJC_ISA_USAGE = YES_ERROR;
				CLANG_WARN_DOCUMENTATION_COMMENTS = YES;
				CLANG_WARN_EMPTY_BODY = YES;
				CLANG_WARN_ENUM_CONVERSION = YES;
				CLANG_WARN_INFINITE_RECURSION = YES;
				CLANG_WARN_INT_CONVERSION = YES;
				CLANG_WARN_OBJC_ROOT_CLASS = YES_ERROR;
				CLANG_WARN_SUSPICIOUS_MOVES = YES;
				CLANG_WARN_UNREACHABLE_CODE = YES;
				CLANG_WARN__DUPLICATE_METHOD_MATCH = YES;
				"CODE_SIGN_IDENTITY[sdk=iphoneos*]" = "iPhone Developer";
				COPY_PHASE_STRIP = NO;
				DEBUG_INFORMATION_FORMAT = "dwarf-with-dsym";
				ENABLE_NS_ASSERTIONS = NO;
				ENABLE_STRICT_OBJC_MSGSEND = YES;
				GCC_C_LANGUAGE_STANDARD = gnu99;
				GCC_NO_COMMON_BLOCKS = YES;
				GCC_WARN_64_TO_32_BIT_CONVERSION = YES;
				GCC_WARN_ABOUT_RETURN_TYPE = YES_ERROR;
				GCC_WARN_UNDECLARED_SELECTOR = YES;
				GCC_WARN_UNINITIALIZED_AUTOS = YES_AGGRESSIVE;
				GCC_WARN_UNUSED_FUNCTION = YES;
				GCC_WARN_UNUSED_VARIABLE = YES;
				IPHONEOS_DEPLOYMENT_TARGET = 10.1;
				MTL_ENABLE_DEBUG_INFO = NO;
				SDKROOT = iphoneos;
				VALIDATE_PRODUCT = YES;
			};
			name = Release;
		};
		2ACABD781DEFD54000C173CC /* Debug */ = {
			isa = XCBuildConfiguration;
			baseConfigurationReference = 75AA9445EC0433A0675D3687 /* Pods-sd_webpDemo.debug.xcconfig */;
			buildSettings = {
				ASSETCATALOG_COMPILER_APPICON_NAME = AppIcon;
				DEVELOPMENT_TEAM = A9VAJDN54X;
				INFOPLIST_FILE = sd_webpDemo/Info.plist;
				LD_RUNPATH_SEARCH_PATHS = "$(inherited) @executable_path/Frameworks";
				PRODUCT_BUNDLE_IDENTIFIER = "SH.sd-webpDemo";
				PRODUCT_NAME = "$(TARGET_NAME)";
			};
			name = Debug;
		};
		2ACABD791DEFD54000C173CC /* Release */ = {
			isa = XCBuildConfiguration;
			baseConfigurationReference = C737312910A7AA523A42E6D0 /* Pods-sd_webpDemo.release.xcconfig */;
			buildSettings = {
				ASSETCATALOG_COMPILER_APPICON_NAME = AppIcon;
				DEVELOPMENT_TEAM = A9VAJDN54X;
				INFOPLIST_FILE = sd_webpDemo/Info.plist;
				LD_RUNPATH_SEARCH_PATHS = "$(inherited) @executable_path/Frameworks";
				PRODUCT_BUNDLE_IDENTIFIER = "SH.sd-webpDemo";
				PRODUCT_NAME = "$(TARGET_NAME)";
			};
			name = Release;
		};
/* End XCBuildConfiguration section */

/* Begin XCConfigurationList section */
		2ACABD5B1DEFD54000C173CC /* Build configuration list for PBXProject "sd_webpDemo" */ = {
			isa = XCConfigurationList;
			buildConfigurations = (
				2ACABD751DEFD54000C173CC /* Debug */,
				2ACABD761DEFD54000C173CC /* Release */,
			);
			defaultConfigurationIsVisible = 0;
			defaultConfigurationName = Release;
		};
		2ACABD771DEFD54000C173CC /* Build configuration list for PBXNativeTarget "sd_webpDemo" */ = {
			isa = XCConfigurationList;
			buildConfigurations = (
				2ACABD781DEFD54000C173CC /* Debug */,
				2ACABD791DEFD54000C173CC /* Release */,
			);
			defaultConfigurationIsVisible = 0;
			defaultConfigurationName = Release;
		};
/* End XCConfigurationList section */
	};
	rootObject = 2ACABD581DEFD54000C173CC /* Project object */;
}
